
Microsoft Visual Studio Solution File, Format Version 12.00
# Visual Studio 15
VisualStudioVersion = 15.0.27703.2026
MinimumVisualStudioVersion = 10.0.40219.1
Project("{FAE04EC0-301F-11D3-BF4B-00C04F79EFBC}") = "CsvSerializer", "CsvSerializer\CsvSerializer.csproj", "{8FB1A59A-F2B0-4CD8-A4BD-0929917644E7}"
EndProject
Global
	GlobalSection(SolutionConfigurationPlatforms) = preSolution
		Debug|Any CPU = Debug|Any CPU
		Release|Any CPU = Release|Any CPU
	EndGlobalSection
	GlobalSection(ProjectConfigurationPlatforms) = postSolution
		{8FB1A59A-F2B0-4CD8-A4BD-0929917644E7}.Debug|Any CPU.ActiveCfg = Debug|Any CPU
		{8FB1A59A-F2B0-4CD8-A4BD-0929917644E7}.Debug|Any CPU.Build.0 = Debug|Any CPU
		{8FB1A59A-F2B0-4CD8-A4BD-0929917644E7}.Release|Any CPU.ActiveCfg = Release|Any CPU
		{8FB1A59A-F2B0-4CD8-A4BD-0929917644E7}.Release|Any CPU.Build.0 = Release|Any CPU
	EndGlobalSection
	GlobalSection(SolutionProperties) = preSolution
		HideSolutionNode = FALSE
	EndGlobalSection
	GlobalSection(ExtensibilityGlobals) = postSolution
		SolutionGuid = {A61FAFF2-9C25-46F5-AEAA-E926F37048B3}
	EndGlobalSection
EndGlobal
